// !$*UTF8*$!
{
	archiveVersion = 1;
	classes = {
	};
	objectVersion = 56;
	objects = {

/* Begin PBXFileReference section */
		20A000000000000000000001 /* Package.swift */ = {isa = PBXFileReference; lastKnownFileType = text; path = Package.swift; sourceTree = "<group>"; };
		20A000000000000000000002 /* README.md */ = {isa = PBXFileReference; lastKnownFileType = net.daringfireball.markdown; path = README.md; sourceTree = "<group>"; };
		20A000000000000000000003 /* Sources */ = {isa = PBXFileReference; lastKnownFileType = folder; path = Sources; sourceTree = "<group>"; };
		20A000000000000000000004 /* script */ = {isa = PBXFileReference; lastKnownFileType = folder; path = script; sourceTree = "<group>"; };
/* End PBXFileReference section */

/* Begin PBXGroup section */
		20A000000000000000000006 = {
			isa = PBXGroup;
			children = (
				20A000000000000000000001 /* Package.swift */,
				20A000000000000000000003 /* Sources */,
				20A000000000000000000004 /* script */,
				20A000000000000000000002 /* README.md */,
			);
			sourceTree = "<group>";
		};
/* End PBXGroup section */

/* Begin PBXLegacyTarget section */
		20A000000000000000000007 /* HoldToTalk */ = {
			isa = PBXLegacyTarget;
			buildArgumentsString = "-lc './script/build_and_run.sh build'";
			buildConfigurationList = 20A000000000000000000008 /* Build configuration list for PBXLegacyTarget "HoldToTalk" */;
			buildPhases = (
			);
			buildToolPath = /bin/zsh;
			buildWorkingDirectory = "";
			dependencies = (
			);
			name = HoldToTalk;
			passBuildSettingsInEnvironment = 1;
			productName = HoldToTalk;
		};
/* End PBXLegacyTarget section */

/* Begin PBXProject section */
		20A000000000000000000009 /* Project object */ = {
			isa = PBXProject;
			attributes = {
				BuildIndependentTargetsInParallel = 1;
				LastUpgradeCheck = 2600;
			};
			buildConfigurationList = 20A00000000000000000000A /* Build configuration list for PBXProject "HoldToTalk" */;
			compatibilityVersion = "Xcode 14.0";
			developmentRegion = en;
			hasScannedForEncodings = 0;
			knownRegions = (
				en,
				Base,
			);
			mainGroup = 20A000000000000000000006;
			productRefGroup = 20A000000000000000000006;
			projectDirPath = "";
			projectRoot = "";
			targets = (
				20A000000000000000000007 /* HoldToTalk */,
			);
		};
/* End PBXProject section */

/* Begin XCBuildConfiguration section */
		20A00000000000000000000B /* Debug */ = {
			isa = XCBuildConfiguration;
			buildSettings = {
				CODE_SIGN_IDENTITY = "Apple Development: hjjp0331@gmail.com (G96EGJF9QG)";
			};
			name = Debug;
		};
		20A00000000000000000000C /* Release */ = {
			isa = XCBuildConfiguration;
			buildSettings = {
				CODE_SIGN_IDENTITY = "Apple Development: hjjp0331@gmail.com (G96EGJF9QG)";
			};
			name = Release;
		};
		20A00000000000000000000D /* Debug */ = {
			isa = XCBuildConfiguration;
			buildSettings = {
			};
			name = Debug;
		};
		20A00000000000000000000E /* Release */ = {
			isa = XCBuildConfiguration;
			buildSettings = {
			};
			name = Release;
		};
/* End XCBuildConfiguration section */

/* Begin XCConfigurationList section */
		20A000000000000000000008 /* Build configuration list for PBXLegacyTarget "HoldToTalk" */ = {
			isa = XCConfigurationList;
			buildConfigurations = (
				20A00000000000000000000B /* Debug */,
				20A00000000000000000000C /* Release */,
			);
			defaultConfigurationIsVisible = 0;
			defaultConfigurationName = Debug;
		};
		20A00000000000000000000A /* Build configuration list for PBXProject "HoldToTalk" */ = {
			isa = XCConfigurationList;
			buildConfigurations = (
				20A00000000000000000000D /* Debug */,
				20A00000000000000000000E /* Release */,
			);
			defaultConfigurationIsVisible = 0;
			defaultConfigurationName = Debug;
		};
/* End XCConfigurationList section */
	};
	rootObject = 20A000000000000000000009 /* Project object */;
}
